Microsoft Visual Studio Solution File, Format Version 12.00
# Visual Studio 2012
Project("{FAE04EC0-301F-11D3-BF4B-00C04F79EFBC}") = "VictorianAnimalGame.Tests", "VictorianAnimalGame.Tests\VictorianAnimalGame.Tests.csproj", "{866032F2-298B-45C4-A8D3-090859ED17AD}"
EndProject
Project("{FAE04EC0-301F-11D3-BF4B-00C04F79EFBC}") = "VictorianAnimalGame", "VictorianAnimalGame\VictorianAnimalGame.csproj", "{91CB5F90-165C-423A-ADFB-D0A7720919BA}"
EndProject
Global
	GlobalSection(SolutionConfigurationPlatforms) = preSolution
	Debug|Any CPU = Debug|Any CPU
	ExportDebug|Any CPU = ExportDebug|Any CPU
	ExportRelease|Any CPU = ExportRelease|Any CPU
	EndGlobalSection
	GlobalSection(ProjectConfigurationPlatforms) = postSolution
		{866032F2-298B-45C4-A8D3-090859ED17AD}.Debug|Any CPU.ActiveCfg = Debug|Any CPU
		{866032F2-298B-45C4-A8D3-090859ED17AD}.Debug|Any CPU.Build.0 = Debug|Any CPU
		{866032F2-298B-45C4-A8D3-090859ED17AD}.ExportDebug|Any CPU.ActiveCfg = Debug|Any CPU
		{866032F2-298B-45C4-A8D3-090859ED17AD}.ExportDebug|Any CPU.Build.0 = Debug|Any CPU
		{866032F2-298B-45C4-A8D3-090859ED17AD}.ExportRelease|Any CPU.ActiveCfg = Debug|Any CPU
		{866032F2-298B-45C4-A8D3-090859ED17AD}.ExportRelease|Any CPU.Build.0 = Debug|Any CPU
		{91CB5F90-165C-423A-ADFB-D0A7720919BA}.Debug|Any CPU.ActiveCfg = Debug|Any CPU
		{91CB5F90-165C-423A-ADFB-D0A7720919BA}.Debug|Any CPU.Build.0 = Debug|Any CPU
		{91CB5F90-165C-423A-ADFB-D0A7720919BA}.ExportDebug|Any CPU.ActiveCfg = ExportDebug|Any CPU
		{91CB5F90-165C-423A-ADFB-D0A7720919BA}.ExportDebug|Any CPU.Build.0 = ExportDebug|Any CPU
		{91CB5F90-165C-423A-ADFB-D0A7720919BA}.ExportRelease|Any CPU.ActiveCfg = ExportRelease|Any CPU
		{91CB5F90-165C-423A-ADFB-D0A7720919BA}.ExportRelease|Any CPU.Build.0 = ExportRelease|Any CPU
	EndGlobalSection
	GlobalSection(NestedProjects) = preSolution
	EndGlobalSection
EndGlobal
